
Microsoft Visual Studio Solution File, Format Version 12.00
# Visual Studio Version 17
VisualStudioVersion = 17.8.34316.72
MinimumVisualStudioVersion = 10.0.40219.1
Project("{FAE04EC0-301F-11D3-BF4B-00C04F79EFBC}") = "391CollegeRegSystem", "391CollegeRegSystem.csproj", "{E5246C68-84D5-49CD-8BB7-DD0051F46FF6}"
EndProject
Global
	GlobalSection(SolutionConfigurationPlatforms) = preSolution
		Debug|Any CPU = Debug|Any CPU
		Release|Any CPU = Release|Any CPU
	EndGlobalSection
	GlobalSection(ProjectConfigurationPlatforms) = postSolution
		{E5246C68-84D5-49CD-8BB7-DD0051F46FF6}.Debug|Any CPU.ActiveCfg = Debug|Any CPU
		{E5246C68-84D5-49CD-8BB7-DD0051F46FF6}.Debug|Any CPU.Build.0 = Debug|Any CPU
		{E5246C68-84D5-49CD-8BB7-DD0051F46FF6}.Release|Any CPU.ActiveCfg = Release|Any CPU
		{E5246C68-84D5-49CD-8BB7-DD0051F46FF6}.Release|Any CPU.Build.0 = Release|Any CPU
	EndGlobalSection
	GlobalSection(SolutionProperties) = preSolution
		HideSolutionNode = FALSE
	EndGlobalSection
	GlobalSection(ExtensibilityGlobals) = postSolution
		SolutionGuid = {3339E8F0-F18C-43BE-A072-3E8C2CA2C3DB}
	EndGlobalSection
EndGlobal
